
Microsoft Visual Studio Solution File, Format Version 12.00
# Visual Studio Version 16
VisualStudioVersion = 16.0.31129.286
MinimumVisualStudioVersion = 10.0.40219.1
Project("{9A19103F-16F7-4668-BE54-9A1E7A4F7556}") = "Ez", "Ez\Ez.csproj", "{C72B2DEA-7AF2-43D3-80B7-5C8F675B0D70}"
EndProject
Project("{9A19103F-16F7-4668-BE54-9A1E7A4F7556}") = "Ez.Graphics.Data", "Ez.Graphics.Data\Ez.Graphics.Data.csproj", "{95236715-7409-4951-9D37-201159C10553}"
EndProject
Project("{9A19103F-16F7-4668-BE54-9A1E7A4F7556}") = "Ez.Assets", "Ez.Assets\Ez.Assets.csproj", "{14B9C336-6E2C-4B99-9577-BC821B205FC0}"
EndProject
Project("{9A19103F-16F7-4668-BE54-9A1E7A4F7556}") = "Ez.Collections", "Ez.Collections\Ez.Collections.csproj", "{CF0BB1F4-9019-4DDE-A061-312A60CEDCE5}"
EndProject
Project("{9A19103F-16F7-4668-BE54-9A1E7A4F7556}") = "Ez.Graphics", "Ez.Graphics\Ez.Graphics.csproj", "{F56853EF-FD36-4627-84D8-866E09BFFF56}"
EndProject
Project("{9A19103F-16F7-4668-BE54-9A1E7A4F7556}") = "Ez.IO", "Ez.IO\Ez.IO.csproj", "{2D1A84F0-B11D-4672-B4F2-DB72575D7125}"
EndProject
Project("{9A19103F-16F7-4668-BE54-9A1E7A4F7556}") = "Ez.Memory", "Ez.Memory\Ez.Memory.csproj", "{333A90D4-55C2-4069-95C4-0595BE616CE3}"
EndProject
Project("{9A19103F-16F7-4668-BE54-9A1E7A4F7556}") = "Ez.Numerics", "Ez.Numerics\Ez.Numerics.csproj", "{D43CCFBF-BE44-461A-A201-DF886A5A42B4}"
EndProject
Project("{9A19103F-16F7-4668-BE54-9A1E7A4F7556}") = "Ez.Threading", "Ez.Threading\Ez.Threading.csproj", "{3C5212A5-147F-4FF7-9A94-62367A3AA914}"
EndProject
Project("{9A19103F-16F7-4668-BE54-9A1E7A4F7556}") = "Ez.Windowing.Glfw", "Ez.Windowing.Glfw\Ez.Windowing.Glfw.csproj", "{B33BB5B8-D672-4DA8-9163-D960DD12FAB7}"
EndProject
Project("{9A19103F-16F7-4668-BE54-9A1E7A4F7556}") = "Ez.Windowing.Glfw.Native", "Ez.Windowing.Glfw.Native\Ez.Windowing.Glfw.Native.csproj", "{5D5401EA-11DE-466D-9829-EA04C93C55C5}"
EndProject
Project("{9A19103F-16F7-4668-BE54-9A1E7A4F7556}") = "Ez.Windowing", "Ez.Windowing\Ez.Windowing.csproj", "{0365432D-FE43-4018-82F3-1DA356972404}"
EndProject
Project("{9A19103F-16F7-4668-BE54-9A1E7A4F7556}") = "GlfwExample", "GlfwExample\GlfwExample.csproj", "{0F476DB1-280F-467A-80DD-739427BA60C0}"
EndProject
Project("{9A19103F-16F7-4668-BE54-9A1E7A4F7556}") = "Ez.Graphics.Contexts", "Ez.Graphics.Contexts\Ez.Graphics.Contexts.csproj", "{2A8B16B5-9674-4587-BC45-8D8699889790}"
EndProject
Project("{2150E333-8FDC-42A3-9474-1A3956D46DE8}") = "Core", "Core", "{7D5A4F18-D00F-405F-B070-34E14BB9F410}"
EndProject
Project("{2150E333-8FDC-42A3-9474-1A3956D46DE8}") = "Graphics", "Graphics", "{4A69488F-C01B-43EF-B409-49F326C72E5F}"
EndProject
Project("{2150E333-8FDC-42A3-9474-1A3956D46DE8}") = "Windowing", "Windowing", "{21C0E7AD-AE0D-419C-BAED-5F1A72D00CFB}"
EndProject
Project("{9A19103F-16F7-4668-BE54-9A1E7A4F7556}") = "Ez.Graphics.API", "Ez.Graphics.API\Ez.Graphics.API.csproj", "{DC629FDA-3C28-41F3-93B6-855659FBBFEB}"
EndProject
Project("{9A19103F-16F7-4668-BE54-9A1E7A4F7556}") = "Ez.Graphics.API.Vulkan", "Ez.Graphics.API.Vulkan\Ez.Graphics.API.Vulkan.csproj", "{ADD55915-45E3-406F-B814-B279654340E2}"
EndProject
Project("{9A19103F-16F7-4668-BE54-9A1E7A4F7556}") = "VulkanExample", "VulkanExample\VulkanExample.csproj", "{01714AA8-9171-4D49-9D59-562CC06D268E}"
EndProject
Project("{9A19103F-16F7-4668-BE54-9A1E7A4F7556}") = "Ez.Tests", "tests\Ez.Tests\Ez.Tests.csproj", "{62678868-9D39-43AA-9BFA-A4D3F3576592}"
EndProject
Project("{2150E333-8FDC-42A3-9474-1A3956D46DE8}") = "Tests", "Tests", "{FBE65D84-B4C5-42AE-8A94-8C75A1BFE495}"
EndProject
Project("{2150E333-8FDC-42A3-9474-1A3956D46DE8}") = "Solution Items", "Solution Items", "{657C7730-8B18-4E07-ABA6-63EB264CD917}"
	ProjectSection(SolutionItems) = preProject
		build\common.props.csproj = build\common.props.csproj
		build\ez-gear2x.png = build\ez-gear2x.png
	EndProjectSection
EndProject
Global
	GlobalSection(SolutionConfigurationPlatforms) = preSolution
		Debug|Any CPU = Debug|Any CPU
		Debug|x64 = Debug|x64
		Debug|x86 = Debug|x86
		Release|Any CPU = Release|Any CPU
		Release|x64 = Release|x64
		Release|x86 = Release|x86
	EndGlobalSection
	GlobalSection(ProjectConfigurationPlatforms) = postSolution
		{C72B2DEA-7AF2-43D3-80B7-5C8F675B0D70}.Debug|Any CPU.ActiveCfg = Debug|Any CPU
		{C72B2DEA-7AF2-43D3-80B7-5C8F675B0D70}.Debug|Any CPU.Build.0 = Debug|Any CPU
		{C72B2DEA-7AF2-43D3-80B7-5C8F675B0D70}.Debug|x64.ActiveCfg = Debug|Any CPU
		{C72B2DEA-7AF2-43D3-80B7-5C8F675B0D70}.Debug|x64.Build.0 = Debug|Any CPU
		{C72B2DEA-7AF2-43D3-80B7-5C8F675B0D70}.Debug|x86.ActiveCfg = Debug|Any CPU
		{C72B2DEA-7AF2-43D3-80B7-5C8F675B0D70}.Debug|x86.Build.0 = Debug|Any CPU
		{C72B2DEA-7AF2-43D3-80B7-5C8F675B0D70}.Release|Any CPU.ActiveCfg = Release|Any CPU
		{C72B2DEA-7AF2-43D3-80B7-5C8F675B0D70}.Release|Any CPU.Build.0 = Release|Any CPU
		{C72B2DEA-7AF2-43D3-80B7-5C8F675B0D70}.Release|x64.ActiveCfg = Release|Any CPU
		{C72B2DEA-7AF2-43D3-80B7-5C8F675B0D70}.Release|x64.Build.0 = Release|Any CPU
		{C72B2DEA-7AF2-43D3-80B7-5C8F675B0D70}.Release|x86.ActiveCfg = Release|Any CPU
		{C72B2DEA-7AF2-43D3-80B7-5C8F675B0D70}.Release|x86.Build.0 = Release|Any CPU
		{95236715-7409-4951-9D37-201159C10553}.Debug|Any CPU.ActiveCfg = Debug|Any CPU
		{95236715-7409-4951-9D37-201159C10553}.Debug|Any CPU.Build.0 = Debug|Any CPU
		{95236715-7409-4951-9D37-201159C10553}.Debug|x64.ActiveCfg = Debug|Any CPU
		{95236715-7409-4951-9D37-201159C10553}.Debug|x64.Build.0 = Debug|Any CPU
		{95236715-7409-4951-9D37-201159C10553}.Debug|x86.ActiveCfg = Debug|Any CPU
		{95236715-7409-4951-9D37-201159C10553}.Debug|x86.Build.0 = Debug|Any CPU
		{95236715-7409-4951-9D37-201159C10553}.Release|Any CPU.ActiveCfg = Release|Any CPU
		{95236715-7409-4951-9D37-201159C10553}.Release|Any CPU.Build.0 = Release|Any CPU
		{95236715-7409-4951-9D37-201159C10553}.Release|x64.ActiveCfg = Release|Any CPU
		{95236715-7409-4951-9D37-201159C10553}.Release|x64.Build.0 = Release|Any CPU
		{95236715-7409-4951-9D37-201159C10553}.Release|x86.ActiveCfg = Release|Any CPU
		{95236715-7409-4951-9D37-201159C10553}.Release|x86.Build.0 = Release|Any CPU
		{14B9C336-6E2C-4B99-9577-BC821B205FC0}.Debug|Any CPU.ActiveCfg = Debug|Any CPU
		{14B9C336-6E2C-4B99-9577-BC821B205FC0}.Debug|Any CPU.Build.0 = Debug|Any CPU
		{14B9C336-6E2C-4B99-9577-BC821B205FC0}.Debug|x64.ActiveCfg = Debug|Any CPU
		{14B9C336-6E2C-4B99-9577-BC821B205FC0}.Debug|x64.Build.0 = Debug|Any CPU
		{14B9C336-6E2C-4B99-9577-BC821B205FC0}.Debug|x86.ActiveCfg = Debug|Any CPU
		{14B9C336-6E2C-4B99-9577-BC821B205FC0}.Debug|x86.Build.0 = Debug|Any CPU
		{14B9C336-6E2C-4B99-9577-BC821B205FC0}.Release|Any CPU.ActiveCfg = Release|Any CPU
		{14B9C336-6E2C-4B99-9577-BC821B205FC0}.Release|Any CPU.Build.0 = Release|Any CPU
		{14B9C336-6E2C-4B99-9577-BC821B205FC0}.Release|x64.ActiveCfg = Release|Any CPU
		{14B9C336-6E2C-4B99-9577-BC821B205FC0}.Release|x64.Build.0 = Release|Any CPU
		{14B9C336-6E2C-4B99-9577-BC821B205FC0}.Release|x86.ActiveCfg = Release|Any CPU
		{14B9C336-6E2C-4B99-9577-BC821B205FC0}.Release|x86.Build.0 = Release|Any CPU
		{CF0BB1F4-9019-4DDE-A061-312A60CEDCE5}.Debug|Any CPU.ActiveCfg = Debug|Any CPU
		{CF0BB1F4-9019-4DDE-A061-312A60CEDCE5}.Debug|Any CPU.Build.0 = Debug|Any CPU
		{CF0BB1F4-9019-4DDE-A061-312A60CEDCE5}.Debug|x64.ActiveCfg = Debug|Any CPU
		{CF0BB1F4-9019-4DDE-A061-312A60CEDCE5}.Debug|x64.Build.0 = Debug|Any CPU
		{CF0BB1F4-9019-4DDE-A061-312A60CEDCE5}.Debug|x86.ActiveCfg = Debug|Any CPU
		{CF0BB1F4-9019-4DDE-A061-312A60CEDCE5}.Debug|x86.Build.0 = Debug|Any CPU
		{CF0BB1F4-9019-4DDE-A061-312A60CEDCE5}.Release|Any CPU.ActiveCfg = Release|Any CPU
		{CF0BB1F4-9019-4DDE-A061-312A60CEDCE5}.Release|Any CPU.Build.0 = Release|Any CPU
		{CF0BB1F4-9019-4DDE-A061-312A60CEDCE5}.Release|x64.ActiveCfg = Release|Any CPU
		{CF0BB1F4-9019-4DDE-A061-312A60CEDCE5}.Release|x64.Build.0 = Release|Any CPU
		{CF0BB1F4-9019-4DDE-A061-312A60CEDCE5}.Release|x86.ActiveCfg = Release|Any CPU
		{CF0BB1F4-9019-4DDE-A061-312A60CEDCE5}.Release|x86.Build.0 = Release|Any CPU
		{F56853EF-FD36-4627-84D8-866E09BFFF56}.Debug|Any CPU.ActiveCfg = Debug|Any CPU
		{F56853EF-FD36-4627-84D8-866E09BFFF56}.Debug|Any CPU.Build.0 = Debug|Any CPU
		{F56853EF-FD36-4627-84D8-866E09BFFF56}.Debug|x64.ActiveCfg = Debug|Any CPU
		{F56853EF-FD36-4627-84D8-866E09BFFF56}.Debug|x64.Build.0 = Debug|Any CPU
		{F56853EF-FD36-4627-84D8-866E09BFFF56}.Debug|x86.ActiveCfg = Debug|Any CPU
		{F56853EF-FD36-4627-84D8-866E09BFFF56}.Debug|x86.Build.0 = Debug|Any CPU
		{F56853EF-FD36-4627-84D8-866E09BFFF56}.Release|Any CPU.ActiveCfg = Release|Any CPU
		{F56853EF-FD36-4627-84D8-866E09BFFF56}.Release|Any CPU.Build.0 = Release|Any CPU
		{F56853EF-FD36-4627-84D8-866E09BFFF56}.Release|x64.ActiveCfg = Release|Any CPU
		{F56853EF-FD36-4627-84D8-866E09BFFF56}.Release|x64.Build.0 = Release|Any CPU
		{F56853EF-FD36-4627-84D8-866E09BFFF56}.Release|x86.ActiveCfg = Release|Any CPU
		{F56853EF-FD36-4627-84D8-866E09BFFF56}.Release|x86.Build.0 = Release|Any CPU
		{2D1A84F0-B11D-4672-B4F2-DB72575D7125}.Debug|Any CPU.ActiveCfg = Debug|Any CPU
		{2D1A84F0-B11D-4672-B4F2-DB72575D7125}.Debug|Any CPU.Build.0 = Debug|Any CPU
		{2D1A84F0-B11D-4672-B4F2-DB72575D7125}.Debug|x64.ActiveCfg = Debug|Any CPU
		{2D1A84F0-B11D-4672-B4F2-DB72575D7125}.Debug|x64.Build.0 = Debug|Any CPU
		{2D1A84F0-B11D-4672-B4F2-DB72575D7125}.Debug|x86.ActiveCfg = Debug|Any CPU
		{2D1A84F0-B11D-4672-B4F2-DB72575D7125}.Debug|x86.Build.0 = Debug|Any CPU
		{2D1A84F0-B11D-4672-B4F2-DB72575D7125}.Release|Any CPU.ActiveCfg = Release|Any CPU
		{2D1A84F0-B11D-4672-B4F2-DB72575D7125}.Release|Any CPU.Build.0 = Release|Any CPU
		{2D1A84F0-B11D-4672-B4F2-DB72575D7125}.Release|x64.ActiveCfg = Release|Any CPU
		{2D1A84F0-B11D-4672-B4F2-DB72575D7125}.Release|x64.Build.0 = Release|Any CPU
		{2D1A84F0-B11D-4672-B4F2-DB72575D7125}.Release|x86.ActiveCfg = Release|Any CPU
		{2D1A84F0-B11D-4672-B4F2-DB72575D7125}.Release|x86.Build.0 = Release|Any CPU
		{333A90D4-55C2-4069-95C4-0595BE616CE3}.Debug|Any CPU.ActiveCfg = Debug|Any CPU
		{333A90D4-55C2-4069-95C4-0595BE616CE3}.Debug|Any CPU.Build.0 = Debug|Any CPU
		{333A90D4-55C2-4069-95C4-0595BE616CE3}.Debug|x64.ActiveCfg = Debug|Any CPU
		{333A90D4-55C2-4069-95C4-0595BE616CE3}.Debug|x64.Build.0 = Debug|Any CPU
		{333A90D4-55C2-4069-95C4-0595BE616CE3}.Debug|x86.ActiveCfg = Debug|Any CPU
		{333A90D4-55C2-4069-95C4-0595BE616CE3}.Debug|x86.Build.0 = Debug|Any CPU
		{333A90D4-55C2-4069-95C4-0595BE616CE3}.Release|Any CPU.ActiveCfg = Release|Any CPU
		{333A90D4-55C2-4069-95C4-0595BE616CE3}.Release|Any CPU.Build.0 = Release|Any CPU
		{333A90D4-55C2-4069-95C4-0595BE616CE3}.Release|x64.ActiveCfg = Release|Any CPU
		{333A90D4-55C2-4069-95C4-0595BE616CE3}.Release|x64.Build.0 = Release|Any CPU
		{333A90D4-55C2-4069-95C4-0595BE616CE3}.Release|x86.ActiveCfg = Release|Any CPU
		{333A90D4-55C2-4069-95C4-0595BE616CE3}.Release|x86.Build.0 = Release|Any CPU
		{D43CCFBF-BE44-461A-A201-DF886A5A42B4}.Debug|Any CPU.ActiveCfg = Debug|Any CPU
		{D43CCFBF-BE44-461A-A201-DF886A5A42B4}.Debug|Any CPU.Build.0 = Debug|Any CPU
		{D43CCFBF-BE44-461A-A201-DF886A5A42B4}.Debug|x64.ActiveCfg = Debug|Any CPU
		{D43CCFBF-BE44-461A-A201-DF886A5A42B4}.Debug|x64.Build.0 = Debug|Any CPU
		{D43CCFBF-BE44-461A-A201-DF886A5A42B4}.Debug|x86.ActiveCfg = Debug|Any CPU
		{D43CCFBF-BE44-461A-A201-DF886A5A42B4}.Debug|x86.Build.0 = Debug|Any CPU
		{D43CCFBF-BE44-461A-A201-DF886A5A42B4}.Release|Any CPU.ActiveCfg = Release|Any CPU
		{D43CCFBF-BE44-461A-A201-DF886A5A42B4}.Release|Any CPU.Build.0 = Release|Any CPU
		{D43CCFBF-BE44-461A-A201-DF886A5A42B4}.Release|x64.ActiveCfg = Release|Any CPU
		{D43CCFBF-BE44-461A-A201-DF886A5A42B4}.Release|x64.Build.0 = Release|Any CPU
		{D43CCFBF-BE44-461A-A201-DF886A5A42B4}.Release|x86.ActiveCfg = Release|Any CPU
		{D43CCFBF-BE44-461A-A201-DF886A5A42B4}.Release|x86.Build.0 = Release|Any CPU
		{3C5212A5-147F-4FF7-9A94-62367A3AA914}.Debug|Any CPU.ActiveCfg = Debug|Any CPU
		{3C5212A5-147F-4FF7-9A94-62367A3AA914}.Debug|Any CPU.Build.0 = Debug|Any CPU
		{3C5212A5-147F-4FF7-9A94-62367A3AA914}.Debug|x64.ActiveCfg = Debug|Any CPU
		{3C5212A5-147F-4FF7-9A94-62367A3AA914}.Debug|x64.Build.0 = Debug|Any CPU
		{3C5212A5-147F-4FF7-9A94-62367A3AA914}.Debug|x86.ActiveCfg = Debug|Any CPU
		{3C5212A5-147F-4FF7-9A94-62367A3AA914}.Debug|x86.Build.0 = Debug|Any CPU
		{3C5212A5-147F-4FF7-9A94-62367A3AA914}.Release|Any CPU.ActiveCfg = Release|Any CPU
		{3C5212A5-147F-4FF7-9A94-62367A3AA914}.Release|Any CPU.Build.0 = Release|Any CPU
		{3C5212A5-147F-4FF7-9A94-62367A3AA914}.Release|x64.ActiveCfg = Release|Any CPU
		{3C5212A5-147F-4FF7-9A94-62367A3AA914}.Release|x64.Build.0 = Release|Any CPU
		{3C5212A5-147F-4FF7-9A94-62367A3AA914}.Release|x86.ActiveCfg = Release|Any CPU
		{3C5212A5-147F-4FF7-9A94-62367A3AA914}.Release|x86.Build.0 = Release|Any CPU
		{B33BB5B8-D672-4DA8-9163-D960DD12FAB7}.Debug|Any CPU.ActiveCfg = Debug|Any CPU
		{B33BB5B8-D672-4DA8-9163-D960DD12FAB7}.Debug|Any CPU.Build.0 = Debug|Any CPU
		{B33BB5B8-D672-4DA8-9163-D960DD12FAB7}.Debug|x64.ActiveCfg = Debug|Any CPU
		{B33BB5B8-D672-4DA8-9163-D960DD12FAB7}.Debug|x64.Build.0 = Debug|Any CPU
		{B33BB5B8-D672-4DA8-9163-D960DD12FAB7}.Debug|x86.ActiveCfg = Debug|Any CPU
		{B33BB5B8-D672-4DA8-9163-D960DD12FAB7}.Debug|x86.Build.0 = Debug|Any CPU
		{B33BB5B8-D672-4DA8-9163-D960DD12FAB7}.Release|Any CPU.ActiveCfg = Release|Any CPU
		{B33BB5B8-D672-4DA8-9163-D960DD12FAB7}.Release|Any CPU.Build.0 = Release|Any CPU
		{B33BB5B8-D672-4DA8-9163-D960DD12FAB7}.Release|x64.ActiveCfg = Release|Any CPU
		{B33BB5B8-D672-4DA8-9163-D960DD12FAB7}.Release|x64.Build.0 = Release|Any CPU
		{B33BB5B8-D672-4DA8-9163-D960DD12FAB7}.Release|x86.ActiveCfg = Release|Any CPU
		{B33BB5B8-D672-4DA8-9163-D960DD12FAB7}.Release|x86.Build.0 = Release|Any CPU
		{5D5401EA-11DE-466D-9829-EA04C93C55C5}.Debug|Any CPU.ActiveCfg = Debug|Any CPU
		{5D5401EA-11DE-466D-9829-EA04C93C55C5}.Debug|Any CPU.Build.0 = Debug|Any CPU
		{5D5401EA-11DE-466D-9829-EA04C93C55C5}.Debug|x64.ActiveCfg = Debug|Any CPU
		{5D5401EA-11DE-466D-9829-EA04C93C55C5}.Debug|x64.Build.0 = Debug|Any CPU
		{5D5401EA-11DE-466D-9829-EA04C93C55C5}.Debug|x86.ActiveCfg = Debug|Any CPU
		{5D5401EA-11DE-466D-9829-EA04C93C55C5}.Debug|x86.Build.0 = Debug|Any CPU
		{5D5401EA-11DE-466D-9829-EA04C93C55C5}.Release|Any CPU.ActiveCfg = Release|Any CPU
		{5D5401EA-11DE-466D-9829-EA04C93C55C5}.Release|Any CPU.Build.0 = Release|Any CPU
		{5D5401EA-11DE-466D-9829-EA04C93C55C5}.Release|x64.ActiveCfg = Release|Any CPU
		{5D5401EA-11DE-466D-9829-EA04C93C55C5}.Release|x64.Build.0 = Release|Any CPU
		{5D5401EA-11DE-466D-9829-EA04C93C55C5}.Release|x86.ActiveCfg = Release|Any CPU
		{5D5401EA-11DE-466D-9829-EA04C93C55C5}.Release|x86.Build.0 = Release|Any CPU
		{0365432D-FE43-4018-82F3-1DA356972404}.Debug|Any CPU.ActiveCfg = Debug|Any CPU
		{0365432D-FE43-4018-82F3-1DA356972404}.Debug|Any CPU.Build.0 = Debug|Any CPU
		{0365432D-FE43-4018-82F3-1DA356972404}.Debug|x64.ActiveCfg = Debug|Any CPU
		{0365432D-FE43-4018-82F3-1DA356972404}.Debug|x64.Build.0 = Debug|Any CPU
		{0365432D-FE43-4018-82F3-1DA356972404}.Debug|x86.ActiveCfg = Debug|Any CPU
		{0365432D-FE43-4018-82F3-1DA356972404}.Debug|x86.Build.0 = Debug|Any CPU
		{0365432D-FE43-4018-82F3-1DA356972404}.Release|Any CPU.ActiveCfg = Release|Any CPU
		{0365432D-FE43-4018-82F3-1DA356972404}.Release|Any CPU.Build.0 = Release|Any CPU
		{0365432D-FE43-4018-82F3-1DA356972404}.Release|x64.ActiveCfg = Release|Any CPU
		{0365432D-FE43-4018-82F3-1DA356972404}.Release|x64.Build.0 = Release|Any CPU
		{0365432D-FE43-4018-82F3-1DA356972404}.Release|x86.ActiveCfg = Release|Any CPU
		{0365432D-FE43-4018-82F3-1DA356972404}.Release|x86.Build.0 = Release|Any CPU
		{0F476DB1-280F-467A-80DD-739427BA60C0}.Debug|Any CPU.ActiveCfg = Debug|Any CPU
		{0F476DB1-280F-467A-80DD-739427BA60C0}.Debug|Any CPU.Build.0 = Debug|Any CPU
		{0F476DB1-280F-467A-80DD-739427BA60C0}.Debug|x64.ActiveCfg = Debug|Any CPU
		{0F476DB1-280F-467A-80DD-739427BA60C0}.Debug|x64.Build.0 = Debug|Any CPU
		{0F476DB1-280F-467A-80DD-739427BA60C0}.Debug|x86.ActiveCfg = Debug|Any CPU
		{0F476DB1-280F-467A-80DD-739427BA60C0}.Debug|x86.Build.0 = Debug|Any CPU
		{0F476DB1-280F-467A-80DD-739427BA60C0}.Release|Any CPU.ActiveCfg = Release|Any CPU
		{0F476DB1-280F-467A-80DD-739427BA60C0}.Release|Any CPU.Build.0 = Release|Any CPU
		{0F476DB1-280F-467A-80DD-739427BA60C0}.Release|x64.ActiveCfg = Release|Any CPU
		{0F476DB1-280F-467A-80DD-739427BA60C0}.Release|x64.Build.0 = Release|Any CPU
		{0F476DB1-280F-467A-80DD-739427BA60C0}.Release|x86.ActiveCfg = Release|Any CPU
		{0F476DB1-280F-467A-80DD-739427BA60C0}.Release|x86.Build.0 = Release|Any CPU
		{2A8B16B5-9674-4587-BC45-8D8699889790}.Debug|Any CPU.ActiveCfg = Debug|Any CPU
		{2A8B16B5-9674-4587-BC45-8D8699889790}.Debug|Any CPU.Build.0 = Debug|Any CPU
		{2A8B16B5-9674-4587-BC45-8D8699889790}.Debug|x64.ActiveCfg = Debug|Any CPU
		{2A8B16B5-9674-4587-BC45-8D8699889790}.Debug|x64.Build.0 = Debug|Any CPU
		{2A8B16B5-9674-4587-BC45-8D8699889790}.Debug|x86.ActiveCfg = Debug|Any CPU
		{2A8B16B5-9674-4587-BC45-8D8699889790}.Debug|x86.Build.0 = Debug|Any CPU
		{2A8B16B5-9674-4587-BC45-8D8699889790}.Release|Any CPU.ActiveCfg = Release|Any CPU
		{2A8B16B5-9674-4587-BC45-8D8699889790}.Release|Any CPU.Build.0 = Release|Any CPU
		{2A8B16B5-9674-4587-BC45-8D8699889790}.Release|x64.ActiveCfg = Release|Any CPU
		{2A8B16B5-9674-4587-BC45-8D8699889790}.Release|x64.Build.0 = Release|Any CPU
		{2A8B16B5-9674-4587-BC45-8D8699889790}.Release|x86.ActiveCfg = Release|Any CPU
		{2A8B16B5-9674-4587-BC45-8D8699889790}.Release|x86.Build.0 = Release|Any CPU
		{DC629FDA-3C28-41F3-93B6-855659FBBFEB}.Debug|Any CPU.ActiveCfg = Debug|Any CPU
		{DC629FDA-3C28-41F3-93B6-855659FBBFEB}.Debug|Any CPU.Build.0 = Debug|Any CPU
		{DC629FDA-3C28-41F3-93B6-855659FBBFEB}.Debug|x64.ActiveCfg = Debug|Any CPU
		{DC629FDA-3C28-41F3-93B6-855659FBBFEB}.Debug|x64.Build.0 = Debug|Any CPU
		{DC629FDA-3C28-41F3-93B6-855659FBBFEB}.Debug|x86.ActiveCfg = Debug|Any CPU
		{DC629FDA-3C28-41F3-93B6-855659FBBFEB}.Debug|x86.Build.0 = Debug|Any CPU
		{DC629FDA-3C28-41F3-93B6-855659FBBFEB}.Release|Any CPU.ActiveCfg = Release|Any CPU
		{DC629FDA-3C28-41F3-93B6-855659FBBFEB}.Release|Any CPU.Build.0 = Release|Any CPU
		{DC629FDA-3C28-41F3-93B6-855659FBBFEB}.Release|x64.ActiveCfg = Release|Any CPU
		{DC629FDA-3C28-41F3-93B6-855659FBBFEB}.Release|x64.Build.0 = Release|Any CPU
		{DC629FDA-3C28-41F3-93B6-855659FBBFEB}.Release|x86.ActiveCfg = Release|Any CPU
		{DC629FDA-3C28-41F3-93B6-855659FBBFEB}.Release|x86.Build.0 = Release|Any CPU
		{ADD55915-45E3-406F-B814-B279654340E2}.Debug|Any CPU.ActiveCfg = Debug|Any CPU
		{ADD55915-45E3-406F-B814-B279654340E2}.Debug|Any CPU.Build.0 = Debug|Any CPU
		{ADD55915-45E3-406F-B814-B279654340E2}.Debug|x64.ActiveCfg = Debug|Any CPU
		{ADD55915-45E3-406F-B814-B279654340E2}.Debug|x64.Build.0 = Debug|Any CPU
		{ADD55915-45E3-406F-B814-B279654340E2}.Debug|x86.ActiveCfg = Debug|Any CPU
		{ADD55915-45E3-406F-B814-B279654340E2}.Debug|x86.Build.0 = Debug|Any CPU
		{ADD55915-45E3-406F-B814-B279654340E2}.Release|Any CPU.ActiveCfg = Release|Any CPU
		{ADD55915-45E3-406F-B814-B279654340E2}.Release|Any CPU.Build.0 = Release|Any CPU
		{ADD55915-45E3-406F-B814-B279654340E2}.Release|x64.ActiveCfg = Release|Any CPU
		{ADD55915-45E3-406F-B814-B279654340E2}.Release|x64.Build.0 = Release|Any CPU
		{ADD55915-45E3-406F-B814-B279654340E2}.Release|x86.ActiveCfg = Release|Any CPU
		{ADD55915-45E3-406F-B814-B279654340E2}.Release|x86.Build.0 = Release|Any CPU
		{01714AA8-9171-4D49-9D59-562CC06D268E}.Debug|Any CPU.ActiveCfg = Debug|Any CPU
		{01714AA8-9171-4D49-9D59-562CC06D268E}.Debug|Any CPU.Build.0 = Debug|Any CPU
		{01714AA8-9171-4D49-9D59-562CC06D268E}.Debug|x64.ActiveCfg = Debug|Any CPU
		{01714AA8-9171-4D49-9D59-562CC06D268E}.Debug|x64.Build.0 = Debug|Any CPU
		{01714AA8-9171-4D49-9D59-562CC06D268E}.Debug|x86.ActiveCfg = Debug|Any CPU
		{01714AA8-9171-4D49-9D59-562CC06D268E}.Debug|x86.Build.0 = Debug|Any CPU
		{01714AA8-9171-4D49-9D59-562CC06D268E}.Release|Any CPU.ActiveCfg = Release|Any CPU
		{01714AA8-9171-4D49-9D59-562CC06D268E}.Release|Any CPU.Build.0 = Release|Any CPU
		{01714AA8-9171-4D49-9D59-562CC06D268E}.Release|x64.ActiveCfg = Release|Any CPU
		{01714AA8-9171-4D49-9D59-562CC06D268E}.Release|x64.Build.0 = Release|Any CPU
		{01714AA8-9171-4D49-9D59-562CC06D268E}.Release|x86.ActiveCfg = Release|Any CPU
		{01714AA8-9171-4D49-9D59-562CC06D268E}.Release|x86.Build.0 = Release|Any CPU
		{62678868-9D39-43AA-9BFA-A4D3F3576592}.Debug|Any CPU.ActiveCfg = Debug|Any CPU
		{62678868-9D39-43AA-9BFA-A4D3F3576592}.Debug|Any CPU.Build.0 = Debug|Any CPU
		{62678868-9D39-43AA-9BFA-A4D3F3576592}.Debug|x64.ActiveCfg = Debug|Any CPU
		{62678868-9D39-43AA-9BFA-A4D3F3576592}.Debug|x64.Build.0 = Debug|Any CPU
		{62678868-9D39-43AA-9BFA-A4D3F3576592}.Debug|x86.ActiveCfg = Debug|Any CPU
		{62678868-9D39-43AA-9BFA-A4D3F3576592}.Debug|x86.Build.0 = Debug|Any CPU
		{62678868-9D39-43AA-9BFA-A4D3F3576592}.Release|Any CPU.ActiveCfg = Release|Any CPU
		{62678868-9D39-43AA-9BFA-A4D3F3576592}.Release|Any CPU.Build.0 = Release|Any CPU
		{62678868-9D39-43AA-9BFA-A4D3F3576592}.Release|x64.ActiveCfg = Release|Any CPU
		{62678868-9D39-43AA-9BFA-A4D3F3576592}.Release|x64.Build.0 = Release|Any CPU
		{62678868-9D39-43AA-9BFA-A4D3F3576592}.Release|x86.ActiveCfg = Release|Any CPU
		{62678868-9D39-43AA-9BFA-A4D3F3576592}.Release|x86.Build.0 = Release|Any CPU
	EndGlobalSection
	GlobalSection(SolutionProperties) = preSolution
		HideSolutionNode = FALSE
	EndGlobalSection
	GlobalSection(NestedProjects) = preSolution
		{C72B2DEA-7AF2-43D3-80B7-5C8F675B0D70} = {7D5A4F18-D00F-405F-B070-34E14BB9F410}
		{95236715-7409-4951-9D37-201159C10553} = {4A69488F-C01B-43EF-B409-49F326C72E5F}
		{14B9C336-6E2C-4B99-9577-BC821B205FC0} = {7D5A4F18-D00F-405F-B070-34E14BB9F410}
		{CF0BB1F4-9019-4DDE-A061-312A60CEDCE5} = {7D5A4F18-D00F-405F-B070-34E14BB9F410}
		{F56853EF-FD36-4627-84D8-866E09BFFF56} = {4A69488F-C01B-43EF-B409-49F326C72E5F}
		{2D1A84F0-B11D-4672-B4F2-DB72575D7125} = {7D5A4F18-D00F-405F-B070-34E14BB9F410}
		{333A90D4-55C2-4069-95C4-0595BE616CE3} = {7D5A4F18-D00F-405F-B070-34E14BB9F410}
		{D43CCFBF-BE44-461A-A201-DF886A5A42B4} = {7D5A4F18-D00F-405F-B070-34E14BB9F410}
		{3C5212A5-147F-4FF7-9A94-62367A3AA914} = {7D5A4F18-D00F-405F-B070-34E14BB9F410}
		{B33BB5B8-D672-4DA8-9163-D960DD12FAB7} = {21C0E7AD-AE0D-419C-BAED-5F1A72D00CFB}
		{5D5401EA-11DE-466D-9829-EA04C93C55C5} = {21C0E7AD-AE0D-419C-BAED-5F1A72D00CFB}
		{0365432D-FE43-4018-82F3-1DA356972404} = {21C0E7AD-AE0D-419C-BAED-5F1A72D00CFB}
		{2A8B16B5-9674-4587-BC45-8D8699889790} = {4A69488F-C01B-43EF-B409-49F326C72E5F}
		{DC629FDA-3C28-41F3-93B6-855659FBBFEB} = {4A69488F-C01B-43EF-B409-49F326C72E5F}
		{ADD55915-45E3-406F-B814-B279654340E2} = {4A69488F-C01B-43EF-B409-49F326C72E5F}
		{62678868-9D39-43AA-9BFA-A4D3F3576592} = {FBE65D84-B4C5-42AE-8A94-8C75A1BFE495}
	EndGlobalSection
	GlobalSection(ExtensibilityGlobals) = postSolution
		SolutionGuid = {5B9CF4A2-022B-4654-840D-A861C22D4C28}
	EndGlobalSection
EndGlobal
