
Microsoft Visual Studio Solution File, Format Version 12.00
# Visual Studio Version 17
VisualStudioVersion = 17.0.31903.59
MinimumVisualStudioVersion = 10.0.40219.1
Project("{9A19103F-16F7-4668-BE54-9A1E7A4F7556}") = "Ez", "Ez\Ez.csproj", "{C72B2DEA-7AF2-43D3-80B7-5C8F675B0D70}"
EndProject
Project("{9A19103F-16F7-4668-BE54-9A1E7A4F7556}") = "Ez.Collections", "Ez.Collections\Ez.Collections.csproj", "{CF0BB1F4-9019-4DDE-A061-312A60CEDCE5}"
EndProject
Project("{9A19103F-16F7-4668-BE54-9A1E7A4F7556}") = "Ez.Memory", "Ez.Memory\Ez.Memory.csproj", "{333A90D4-55C2-4069-95C4-0595BE616CE3}"
EndProject
Project("{9A19103F-16F7-4668-BE54-9A1E7A4F7556}") = "Ez.Threading", "Ez.Threading\Ez.Threading.csproj", "{3C5212A5-147F-4FF7-9A94-62367A3AA914}"
EndProject
Project("{2150E333-8FDC-42A3-9474-1A3956D46DE8}") = "Core", "Core", "{7D5A4F18-D00F-405F-B070-34E14BB9F410}"
EndProject
Project("{9A19103F-16F7-4668-BE54-9A1E7A4F7556}") = "Ez.Tests", "tests\Ez.Tests\Ez.Tests.csproj", "{62678868-9D39-43AA-9BFA-A4D3F3576592}"
EndProject
Project("{2150E333-8FDC-42A3-9474-1A3956D46DE8}") = "Tests", "Tests", "{FBE65D84-B4C5-42AE-8A94-8C75A1BFE495}"
EndProject
Project("{2150E333-8FDC-42A3-9474-1A3956D46DE8}") = "Solution Items", "Solution Items", "{657C7730-8B18-4E07-ABA6-63EB264CD917}"
	ProjectSection(SolutionItems) = preProject
		build\common.props.csproj = build\common.props.csproj
		build\ez-gear2x.png = build\ez-gear2x.png
	EndProjectSection
EndProject
Global
	GlobalSection(SolutionConfigurationPlatforms) = preSolution
		Debug|Any CPU = Debug|Any CPU
		Debug|x64 = Debug|x64
		Debug|x86 = Debug|x86
		Release|Any CPU = Release|Any CPU
		Release|x64 = Release|x64
		Release|x86 = Release|x86
	EndGlobalSection
	GlobalSection(ProjectConfigurationPlatforms) = postSolution
		{C72B2DEA-7AF2-43D3-80B7-5C8F675B0D70}.Debug|Any CPU.ActiveCfg = Debug|Any CPU
		{C72B2DEA-7AF2-43D3-80B7-5C8F675B0D70}.Debug|Any CPU.Build.0 = Debug|Any CPU
		{C72B2DEA-7AF2-43D3-80B7-5C8F675B0D70}.Debug|x64.ActiveCfg = Debug|Any CPU
		{C72B2DEA-7AF2-43D3-80B7-5C8F675B0D70}.Debug|x64.Build.0 = Debug|Any CPU
		{C72B2DEA-7AF2-43D3-80B7-5C8F675B0D70}.Debug|x86.ActiveCfg = Debug|Any CPU
		{C72B2DEA-7AF2-43D3-80B7-5C8F675B0D70}.Debug|x86.Build.0 = Debug|Any CPU
		{C72B2DEA-7AF2-43D3-80B7-5C8F675B0D70}.Release|Any CPU.ActiveCfg = Release|Any CPU
		{C72B2DEA-7AF2-43D3-80B7-5C8F675B0D70}.Release|Any CPU.Build.0 = Release|Any CPU
		{C72B2DEA-7AF2-43D3-80B7-5C8F675B0D70}.Release|x64.ActiveCfg = Release|Any CPU
		{C72B2DEA-7AF2-43D3-80B7-5C8F675B0D70}.Release|x64.Build.0 = Release|Any CPU
		{C72B2DEA-7AF2-43D3-80B7-5C8F675B0D70}.Release|x86.ActiveCfg = Release|Any CPU
		{C72B2DEA-7AF2-43D3-80B7-5C8F675B0D70}.Release|x86.Build.0 = Release|Any CPU
		{CF0BB1F4-9019-4DDE-A061-312A60CEDCE5}.Debug|Any CPU.ActiveCfg = Debug|Any CPU
		{CF0BB1F4-9019-4DDE-A061-312A60CEDCE5}.Debug|Any CPU.Build.0 = Debug|Any CPU
		{CF0BB1F4-9019-4DDE-A061-312A60CEDCE5}.Debug|x64.ActiveCfg = Debug|Any CPU
		{CF0BB1F4-9019-4DDE-A061-312A60CEDCE5}.Debug|x64.Build.0 = Debug|Any CPU
		{CF0BB1F4-9019-4DDE-A061-312A60CEDCE5}.Debug|x86.ActiveCfg = Debug|Any CPU
		{CF0BB1F4-9019-4DDE-A061-312A60CEDCE5}.Debug|x86.Build.0 = Debug|Any CPU
		{CF0BB1F4-9019-4DDE-A061-312A60CEDCE5}.Release|Any CPU.ActiveCfg = Release|Any CPU
		{CF0BB1F4-9019-4DDE-A061-312A60CEDCE5}.Release|Any CPU.Build.0 = Release|Any CPU
		{CF0BB1F4-9019-4DDE-A061-312A60CEDCE5}.Release|x64.ActiveCfg = Release|Any CPU
		{CF0BB1F4-9019-4DDE-A061-312A60CEDCE5}.Release|x64.Build.0 = Release|Any CPU
		{CF0BB1F4-9019-4DDE-A061-312A60CEDCE5}.Release|x86.ActiveCfg = Release|Any CPU
		{CF0BB1F4-9019-4DDE-A061-312A60CEDCE5}.Release|x86.Build.0 = Release|Any CPU
		{333A90D4-55C2-4069-95C4-0595BE616CE3}.Debug|Any CPU.ActiveCfg = Debug|Any CPU
		{333A90D4-55C2-4069-95C4-0595BE616CE3}.Debug|Any CPU.Build.0 = Debug|Any CPU
		{333A90D4-55C2-4069-95C4-0595BE616CE3}.Debug|x64.ActiveCfg = Debug|Any CPU
		{333A90D4-55C2-4069-95C4-0595BE616CE3}.Debug|x64.Build.0 = Debug|Any CPU
		{333A90D4-55C2-4069-95C4-0595BE616CE3}.Debug|x86.ActiveCfg = Debug|Any CPU
		{333A90D4-55C2-4069-95C4-0595BE616CE3}.Debug|x86.Build.0 = Debug|Any CPU
		{333A90D4-55C2-4069-95C4-0595BE616CE3}.Release|Any CPU.ActiveCfg = Release|Any CPU
		{333A90D4-55C2-4069-95C4-0595BE616CE3}.Release|Any CPU.Build.0 = Release|Any CPU
		{333A90D4-55C2-4069-95C4-0595BE616CE3}.Release|x64.ActiveCfg = Release|Any CPU
		{333A90D4-55C2-4069-95C4-0595BE616CE3}.Release|x64.Build.0 = Release|Any CPU
		{333A90D4-55C2-4069-95C4-0595BE616CE3}.Release|x86.ActiveCfg = Release|Any CPU
		{333A90D4-55C2-4069-95C4-0595BE616CE3}.Release|x86.Build.0 = Release|Any CPU
		{3C5212A5-147F-4FF7-9A94-62367A3AA914}.Debug|Any CPU.ActiveCfg = Debug|Any CPU
		{3C5212A5-147F-4FF7-9A94-62367A3AA914}.Debug|Any CPU.Build.0 = Debug|Any CPU
		{3C5212A5-147F-4FF7-9A94-62367A3AA914}.Debug|x64.ActiveCfg = Debug|Any CPU
		{3C5212A5-147F-4FF7-9A94-62367A3AA914}.Debug|x64.Build.0 = Debug|Any CPU
		{3C5212A5-147F-4FF7-9A94-62367A3AA914}.Debug|x86.ActiveCfg = Debug|Any CPU
		{3C5212A5-147F-4FF7-9A94-62367A3AA914}.Debug|x86.Build.0 = Debug|Any CPU
		{3C5212A5-147F-4FF7-9A94-62367A3AA914}.Release|Any CPU.ActiveCfg = Release|Any CPU
		{3C5212A5-147F-4FF7-9A94-62367A3AA914}.Release|Any CPU.Build.0 = Release|Any CPU
		{3C5212A5-147F-4FF7-9A94-62367A3AA914}.Release|x64.ActiveCfg = Release|Any CPU
		{3C5212A5-147F-4FF7-9A94-62367A3AA914}.Release|x64.Build.0 = Release|Any CPU
		{3C5212A5-147F-4FF7-9A94-62367A3AA914}.Release|x86.ActiveCfg = Release|Any CPU
		{3C5212A5-147F-4FF7-9A94-62367A3AA914}.Release|x86.Build.0 = Release|Any CPU
		{62678868-9D39-43AA-9BFA-A4D3F3576592}.Debug|Any CPU.ActiveCfg = Debug|Any CPU
		{62678868-9D39-43AA-9BFA-A4D3F3576592}.Debug|Any CPU.Build.0 = Debug|Any CPU
		{62678868-9D39-43AA-9BFA-A4D3F3576592}.Debug|x64.ActiveCfg = Debug|Any CPU
		{62678868-9D39-43AA-9BFA-A4D3F3576592}.Debug|x64.Build.0 = Debug|Any CPU
		{62678868-9D39-43AA-9BFA-A4D3F3576592}.Debug|x86.ActiveCfg = Debug|Any CPU
		{62678868-9D39-43AA-9BFA-A4D3F3576592}.Debug|x86.Build.0 = Debug|Any CPU
		{62678868-9D39-43AA-9BFA-A4D3F3576592}.Release|Any CPU.ActiveCfg = Release|Any CPU
		{62678868-9D39-43AA-9BFA-A4D3F3576592}.Release|Any CPU.Build.0 = Release|Any CPU
		{62678868-9D39-43AA-9BFA-A4D3F3576592}.Release|x64.ActiveCfg = Release|Any CPU
		{62678868-9D39-43AA-9BFA-A4D3F3576592}.Release|x64.Build.0 = Release|Any CPU
		{62678868-9D39-43AA-9BFA-A4D3F3576592}.Release|x86.ActiveCfg = Release|Any CPU
		{62678868-9D39-43AA-9BFA-A4D3F3576592}.Release|x86.Build.0 = Release|Any CPU
	EndGlobalSection
	GlobalSection(SolutionProperties) = preSolution
		HideSolutionNode = FALSE
	EndGlobalSection
	GlobalSection(NestedProjects) = preSolution
		{C72B2DEA-7AF2-43D3-80B7-5C8F675B0D70} = {7D5A4F18-D00F-405F-B070-34E14BB9F410}
		{CF0BB1F4-9019-4DDE-A061-312A60CEDCE5} = {7D5A4F18-D00F-405F-B070-34E14BB9F410}
		{333A90D4-55C2-4069-95C4-0595BE616CE3} = {7D5A4F18-D00F-405F-B070-34E14BB9F410}
		{3C5212A5-147F-4FF7-9A94-62367A3AA914} = {7D5A4F18-D00F-405F-B070-34E14BB9F410}
		{62678868-9D39-43AA-9BFA-A4D3F3576592} = {FBE65D84-B4C5-42AE-8A94-8C75A1BFE495}
	EndGlobalSection
	GlobalSection(ExtensibilityGlobals) = postSolution
		SolutionGuid = {5B9CF4A2-022B-4654-840D-A861C22D4C28}
	EndGlobalSection
EndGlobal
